
Microsoft Visual Studio Solution File, Format Version 12.00
# Visual Studio Version 16
VisualStudioVersion = 16.0.32602.291
MinimumVisualStudioVersion = 10.0.40219.1
Project("{FAE04EC0-301F-11D3-BF4B-00C04F79EFBC}") = "app-formulario-crud", "app-formulario-crud\app-formulario-crud.csproj", "{097EDD03-3F92-42E9-998C-C7CF3ADAAAEF}"
EndProject
Global
	GlobalSection(SolutionConfigurationPlatforms) = preSolution
		Debug|Any CPU = Debug|Any CPU
		Release|Any CPU = Release|Any CPU
	EndGlobalSection
	GlobalSection(ProjectConfigurationPlatforms) = postSolution
		{097EDD03-3F92-42E9-998C-C7CF3ADAAAEF}.Debug|Any CPU.ActiveCfg = Debug|Any CPU
		{097EDD03-3F92-42E9-998C-C7CF3ADAAAEF}.Debug|Any CPU.Build.0 = Debug|Any CPU
		{097EDD03-3F92-42E9-998C-C7CF3ADAAAEF}.Release|Any CPU.ActiveCfg = Release|Any CPU
		{097EDD03-3F92-42E9-998C-C7CF3ADAAAEF}.Release|Any CPU.Build.0 = Release|Any CPU
	EndGlobalSection
	GlobalSection(SolutionProperties) = preSolution
		HideSolutionNode = FALSE
	EndGlobalSection
	GlobalSection(ExtensibilityGlobals) = postSolution
		SolutionGuid = {DE823276-AF80-4663-B627-DB3C934AE3B0}
	EndGlobalSection
EndGlobal
